
Microsoft Visual Studio Solution File, Format Version 12.00
# Visual Studio Version 16
VisualStudioVersion = 16.0.29306.81
MinimumVisualStudioVersion = 10.0.40219.1
Project("{FAE04EC0-301F-11D3-BF4B-00C04F79EFBC}") = "06. Favorite Movie", "ProgrammingBasicsOnlineExam15and16June2019\06. Favorite Movie.csproj", "{B23CBA77-8C70-422A-AE71-545A79300C6D}"
EndProject
Global
	GlobalSection(SolutionConfigurationPlatforms) = preSolution
		Debug|Any CPU = Debug|Any CPU
		Release|Any CPU = Release|Any CPU
	EndGlobalSection
	GlobalSection(ProjectConfigurationPlatforms) = postSolution
		{B23CBA77-8C70-422A-AE71-545A79300C6D}.Debug|Any CPU.ActiveCfg = Debug|Any CPU
		{B23CBA77-8C70-422A-AE71-545A79300C6D}.Debug|Any CPU.Build.0 = Debug|Any CPU
		{B23CBA77-8C70-422A-AE71-545A79300C6D}.Release|Any CPU.ActiveCfg = Release|Any CPU
		{B23CBA77-8C70-422A-AE71-545A79300C6D}.Release|Any CPU.Build.0 = Release|Any CPU
	EndGlobalSection
	GlobalSection(SolutionProperties) = preSolution
		HideSolutionNode = FALSE
	EndGlobalSection
	GlobalSection(ExtensibilityGlobals) = postSolution
		SolutionGuid = {436CB3FC-3496-4970-9666-40AEBF6F8993}
	EndGlobalSection
EndGlobal
