
Microsoft Visual Studio Solution File, Format Version 12.00
# Visual Studio Version 16
VisualStudioVersion = 16.0.29306.81
MinimumVisualStudioVersion = 10.0.40219.1
Project("{FAE04EC0-301F-11D3-BF4B-00C04F79EFBC}") = "08. Fish Tank", "SimpleOperationsAndCalculationsLab\08. Fish Tank.csproj", "{1B5C238F-0350-44D5-B6BB-8BDBC38862CD}"
EndProject
Global
	GlobalSection(SolutionConfigurationPlatforms) = preSolution
		Debug|Any CPU = Debug|Any CPU
		Release|Any CPU = Release|Any CPU
	EndGlobalSection
	GlobalSection(ProjectConfigurationPlatforms) = postSolution
		{1B5C238F-0350-44D5-B6BB-8BDBC38862CD}.Debug|Any CPU.ActiveCfg = Debug|Any CPU
		{1B5C238F-0350-44D5-B6BB-8BDBC38862CD}.Debug|Any CPU.Build.0 = Debug|Any CPU
		{1B5C238F-0350-44D5-B6BB-8BDBC38862CD}.Release|Any CPU.ActiveCfg = Release|Any CPU
		{1B5C238F-0350-44D5-B6BB-8BDBC38862CD}.Release|Any CPU.Build.0 = Release|Any CPU
	EndGlobalSection
	GlobalSection(SolutionProperties) = preSolution
		HideSolutionNode = FALSE
	EndGlobalSection
	GlobalSection(ExtensibilityGlobals) = postSolution
		SolutionGuid = {BD176230-27E7-4A6F-9F67-13A23D8F3DD2}
	EndGlobalSection
EndGlobal
