
Microsoft Visual Studio Solution File, Format Version 12.00
# Visual Studio Version 16
VisualStudioVersion = 16.0.29306.81
MinimumVisualStudioVersion = 10.0.40219.1
Project("{FAE04EC0-301F-11D3-BF4B-00C04F79EFBC}") = "01. Moon", "Exam29.03\01. Moon.csproj", "{C0FA0503-88CC-47F2-B6FF-153D95CAB4DD}"
EndProject
Project("{FAE04EC0-301F-11D3-BF4B-00C04F79EFBC}") = "03. Easter Trip", "03. Easter Trip\03. Easter Trip.csproj", "{B6F2DC47-6CDE-4D9F-A91F-FCB4C62C23BC}"
EndProject
Project("{FAE04EC0-301F-11D3-BF4B-00C04F79EFBC}") = "04. Division Without Remainder", "04. Division Without Remainder\04. Division Without Remainder.csproj", "{6C4C64CC-BD8B-421D-8132-8C4E2435B51E}"
EndProject
Project("{FAE04EC0-301F-11D3-BF4B-00C04F79EFBC}") = "05. Own Bussiness", "05. Own Bussiness\05. Own Bussiness.csproj", "{CFBC643B-51EF-4F67-BE83-E27A11D49B67}"
EndProject
Project("{FAE04EC0-301F-11D3-BF4B-00C04F79EFBC}") = "06. Unique PIN Codes", "06. Unique PIN Codes\06. Unique PIN Codes.csproj", "{AA72C580-433E-42E4-AB74-C1B3FD26EA80}"
EndProject
Project("{FAE04EC0-301F-11D3-BF4B-00C04F79EFBC}") = "Pin2", "Pin2\Pin2.csproj", "{51D4FC39-FB54-4A2B-9E7C-4EAA7DE18833}"
EndProject
Global
	GlobalSection(SolutionConfigurationPlatforms) = preSolution
		Debug|Any CPU = Debug|Any CPU
		Release|Any CPU = Release|Any CPU
	EndGlobalSection
	GlobalSection(ProjectConfigurationPlatforms) = postSolution
		{C0FA0503-88CC-47F2-B6FF-153D95CAB4DD}.Debug|Any CPU.ActiveCfg = Debug|Any CPU
		{C0FA0503-88CC-47F2-B6FF-153D95CAB4DD}.Debug|Any CPU.Build.0 = Debug|Any CPU
		{C0FA0503-88CC-47F2-B6FF-153D95CAB4DD}.Release|Any CPU.ActiveCfg = Release|Any CPU
		{C0FA0503-88CC-47F2-B6FF-153D95CAB4DD}.Release|Any CPU.Build.0 = Release|Any CPU
		{B6F2DC47-6CDE-4D9F-A91F-FCB4C62C23BC}.Debug|Any CPU.ActiveCfg = Debug|Any CPU
		{B6F2DC47-6CDE-4D9F-A91F-FCB4C62C23BC}.Debug|Any CPU.Build.0 = Debug|Any CPU
		{B6F2DC47-6CDE-4D9F-A91F-FCB4C62C23BC}.Release|Any CPU.ActiveCfg = Release|Any CPU
		{B6F2DC47-6CDE-4D9F-A91F-FCB4C62C23BC}.Release|Any CPU.Build.0 = Release|Any CPU
		{6C4C64CC-BD8B-421D-8132-8C4E2435B51E}.Debug|Any CPU.ActiveCfg = Debug|Any CPU
		{6C4C64CC-BD8B-421D-8132-8C4E2435B51E}.Debug|Any CPU.Build.0 = Debug|Any CPU
		{6C4C64CC-BD8B-421D-8132-8C4E2435B51E}.Release|Any CPU.ActiveCfg = Release|Any CPU
		{6C4C64CC-BD8B-421D-8132-8C4E2435B51E}.Release|Any CPU.Build.0 = Release|Any CPU
		{CFBC643B-51EF-4F67-BE83-E27A11D49B67}.Debug|Any CPU.ActiveCfg = Debug|Any CPU
		{CFBC643B-51EF-4F67-BE83-E27A11D49B67}.Debug|Any CPU.Build.0 = Debug|Any CPU
		{CFBC643B-51EF-4F67-BE83-E27A11D49B67}.Release|Any CPU.ActiveCfg = Release|Any CPU
		{CFBC643B-51EF-4F67-BE83-E27A11D49B67}.Release|Any CPU.Build.0 = Release|Any CPU
		{AA72C580-433E-42E4-AB74-C1B3FD26EA80}.Debug|Any CPU.ActiveCfg = Debug|Any CPU
		{AA72C580-433E-42E4-AB74-C1B3FD26EA80}.Debug|Any CPU.Build.0 = Debug|Any CPU
		{AA72C580-433E-42E4-AB74-C1B3FD26EA80}.Release|Any CPU.ActiveCfg = Release|Any CPU
		{AA72C580-433E-42E4-AB74-C1B3FD26EA80}.Release|Any CPU.Build.0 = Release|Any CPU
		{51D4FC39-FB54-4A2B-9E7C-4EAA7DE18833}.Debug|Any CPU.ActiveCfg = Debug|Any CPU
		{51D4FC39-FB54-4A2B-9E7C-4EAA7DE18833}.Debug|Any CPU.Build.0 = Debug|Any CPU
		{51D4FC39-FB54-4A2B-9E7C-4EAA7DE18833}.Release|Any CPU.ActiveCfg = Release|Any CPU
		{51D4FC39-FB54-4A2B-9E7C-4EAA7DE18833}.Release|Any CPU.Build.0 = Release|Any CPU
	EndGlobalSection
	GlobalSection(SolutionProperties) = preSolution
		HideSolutionNode = FALSE
	EndGlobalSection
	GlobalSection(ExtensibilityGlobals) = postSolution
		SolutionGuid = {2A839649-6988-47CF-9D99-DE7E8B14A77B}
	EndGlobalSection
EndGlobal
