
Microsoft Visual Studio Solution File, Format Version 12.00
# Visual Studio Version 16
VisualStudioVersion = 16.0.29306.81
MinimumVisualStudioVersion = 10.0.40219.1
Project("{FAE04EC0-301F-11D3-BF4B-00C04F79EFBC}") = "ConsoleApp1", "ConsoleApp1\ConsoleApp1.csproj", "{EEE4316D-8604-4AD5-855A-28D5A32F723E}"
EndProject
Global
	GlobalSection(SolutionConfigurationPlatforms) = preSolution
		Debug|Any CPU = Debug|Any CPU
		Release|Any CPU = Release|Any CPU
	EndGlobalSection
	GlobalSection(ProjectConfigurationPlatforms) = postSolution
		{EEE4316D-8604-4AD5-855A-28D5A32F723E}.Debug|Any CPU.ActiveCfg = Debug|Any CPU
		{EEE4316D-8604-4AD5-855A-28D5A32F723E}.Debug|Any CPU.Build.0 = Debug|Any CPU
		{EEE4316D-8604-4AD5-855A-28D5A32F723E}.Release|Any CPU.ActiveCfg = Release|Any CPU
		{EEE4316D-8604-4AD5-855A-28D5A32F723E}.Release|Any CPU.Build.0 = Release|Any CPU
	EndGlobalSection
	GlobalSection(SolutionProperties) = preSolution
		HideSolutionNode = FALSE
	EndGlobalSection
	GlobalSection(ExtensibilityGlobals) = postSolution
		SolutionGuid = {D83ED506-097D-4DA1-AEAD-A7DD53BA97BD}
	EndGlobalSection
EndGlobal
