
Microsoft Visual Studio Solution File, Format Version 12.00
# Visual Studio Version 16
VisualStudioVersion = 16.0.30717.126
MinimumVisualStudioVersion = 10.0.40219.1
Project("{FAE04EC0-301F-11D3-BF4B-00C04F79EFBC}") = "TestTelerik", "TestTelerik\TestTelerik.csproj", "{A2833C5D-22E2-4A1F-B7FE-76264629D0A2}"
EndProject
Global
	GlobalSection(SolutionConfigurationPlatforms) = preSolution
		Debug|Any CPU = Debug|Any CPU
		Release|Any CPU = Release|Any CPU
	EndGlobalSection
	GlobalSection(ProjectConfigurationPlatforms) = postSolution
		{A2833C5D-22E2-4A1F-B7FE-76264629D0A2}.Debug|Any CPU.ActiveCfg = Debug|Any CPU
		{A2833C5D-22E2-4A1F-B7FE-76264629D0A2}.Debug|Any CPU.Build.0 = Debug|Any CPU
		{A2833C5D-22E2-4A1F-B7FE-76264629D0A2}.Release|Any CPU.ActiveCfg = Release|Any CPU
		{A2833C5D-22E2-4A1F-B7FE-76264629D0A2}.Release|Any CPU.Build.0 = Release|Any CPU
	EndGlobalSection
	GlobalSection(SolutionProperties) = preSolution
		HideSolutionNode = FALSE
	EndGlobalSection
	GlobalSection(ExtensibilityGlobals) = postSolution
		SolutionGuid = {073A6F2C-51B1-41B2-A86B-60366A5F0DD3}
	EndGlobalSection
EndGlobal
